# This file is automatically @generated by Cargo.
# It is not intended for manual editing.
version = 4

[[package]]
name = "bytes"
version = "1.12.1"
source = "registry+https://github.com/rust-lang/crates.io-index"
checksum = "fc652a48c352aef3ea3aed32080501cf3ef6ed5da78602a020c991775b0aff04"

[[package]]
name = "libc"
version = "0.2.189"
source = "registry+https://github.com/rust-lang/crates.io-index"
checksum = "3eaf3ede3fee6db1a4c2ee091bf8a8b4dccdc6d17f656fb07896ee72867612f2"

[[package]]
name = "memmap2"
version = "0.9.11"
source = "registry+https://github.com/rust-lang/crates.io-index"
checksum = "d1219ed1b7f229ee7104d281dd01d6802fe28bb6e95d292942c4daacdeb798c0"
dependencies = [
 "libc",
]

[[package]]
name = "rollover-demo"
version = "0.1.0"
dependencies = [
 "memmap2",
 "tierstore",
]

[[package]]
name = "tierstore"
version = "0.1.0"
dependencies = [
 "tierstore-core",
]

[[package]]
name = "tierstore-core"
version = "0.1.0"

[[package]]
name = "tierstore-mmap"
version = "0.1.0"
dependencies = [
 "bytes",
 "memmap2",
 "tierstore-core",
]
